
Microsoft Visual Studio Solution File, Format Version 12.00
# Visual Studio 15
VisualStudioVersion = 15.0.28307.421
MinimumVisualStudioVersion = 10.0.40219.1
Project("{9A19103F-16F7-4668-BE54-9A1E7A4F7556}") = "Smartphone.Web", "Smartphone.Web\Smartphone.Web.csproj", "{6B5AE2E5-4D00-4D91-8E9A-9558F828AC6C}"
EndProject
Project("{9A19103F-16F7-4668-BE54-9A1E7A4F7556}") = "Smartphone.Data", "Smartphone.Data\Smartphone.Data.csproj", "{4C0EF2D4-986C-4CCD-BEE9-ECFF5461CFDD}"
EndProject
Project("{FAE04EC0-301F-11D3-BF4B-00C04F79EFBC}") = "Smartphone.Services", "Smartphone.Services\Smartphone.Services.csproj", "{49B8975F-38E4-4575-A03E-99D93E8E163B}"
EndProject
Global
	GlobalSection(SolutionConfigurationPlatforms) = preSolution
		Debug|Any CPU = Debug|Any CPU
		Release|Any CPU = Release|Any CPU
	EndGlobalSection
	GlobalSection(ProjectConfigurationPlatforms) = postSolution
		{6B5AE2E5-4D00-4D91-8E9A-9558F828AC6C}.Debug|Any CPU.ActiveCfg = Debug|Any CPU
		{6B5AE2E5-4D00-4D91-8E9A-9558F828AC6C}.Debug|Any CPU.Build.0 = Debug|Any CPU
		{6B5AE2E5-4D00-4D91-8E9A-9558F828AC6C}.Release|Any CPU.ActiveCfg = Release|Any CPU
		{6B5AE2E5-4D00-4D91-8E9A-9558F828AC6C}.Release|Any CPU.Build.0 = Release|Any CPU
		{4C0EF2D4-986C-4CCD-BEE9-ECFF5461CFDD}.Debug|Any CPU.ActiveCfg = Debug|Any CPU
		{4C0EF2D4-986C-4CCD-BEE9-ECFF5461CFDD}.Debug|Any CPU.Build.0 = Debug|Any CPU
		{4C0EF2D4-986C-4CCD-BEE9-ECFF5461CFDD}.Release|Any CPU.ActiveCfg = Release|Any CPU
		{4C0EF2D4-986C-4CCD-BEE9-ECFF5461CFDD}.Release|Any CPU.Build.0 = Release|Any CPU
		{49B8975F-38E4-4575-A03E-99D93E8E163B}.Debug|Any CPU.ActiveCfg = Debug|Any CPU
		{49B8975F-38E4-4575-A03E-99D93E8E163B}.Debug|Any CPU.Build.0 = Debug|Any CPU
		{49B8975F-38E4-4575-A03E-99D93E8E163B}.Release|Any CPU.ActiveCfg = Release|Any CPU
		{49B8975F-38E4-4575-A03E-99D93E8E163B}.Release|Any CPU.Build.0 = Release|Any CPU
	EndGlobalSection
	GlobalSection(SolutionProperties) = preSolution
		HideSolutionNode = FALSE
	EndGlobalSection
	GlobalSection(ExtensibilityGlobals) = postSolution
		SolutionGuid = {5B555268-2471-4A1C-9DBE-35F03D3E1498}
	EndGlobalSection
EndGlobal
